// !$*UTF8*$!
{
	archiveVersion = 1;
	classes = {
	};
	objectVersion = 54;
	objects = {

/* Begin PBXBuildFile section */
		A10000012C85000100000001 /* main.m in Sources */ = {isa = PBXBuildFile; fileRef = B10000012C85000100000001 /* main.m */; };
		A10000022C85000100000001 /* AppDelegate.m in Sources */ = {isa = PBXBuildFile; fileRef = B10000022C85000100000001 /* AppDelegate.m */; };
		A10000032C85000100000001 /* ViewController.m in Sources */ = {isa = PBXBuildFile; fileRef = B10000032C85000100000001 /* ViewController.m */; };
		A10000042C85000100000001 /* SecurityShield.m in Sources */ = {isa = PBXBuildFile; fileRef = B10000042C85000100000001 /* SecurityShield.m */; };
		A10000052C85000100000001 /* LocalSchemeHandler.m in Sources */ = {isa = PBXBuildFile; fileRef = B10000052C85000100000001 /* LocalSchemeHandler.m */; };
		A10000062C85000100000001 /* Assets.xcassets in Resources */ = {isa = PBXBuildFile; fileRef = B10000062C85000100000001 /* Assets.xcassets */; };
		A10000072C85000100000001 /* assets.enc in Resources */ = {isa = PBXBuildFile; fileRef = B10000072C85000100000001 /* assets.enc */; };
		A10000082C85000100000001 /* WebKit.framework in Frameworks */ = {isa = PBXBuildFile; fileRef = B10000082C85000100000001 /* WebKit.framework */; };
		A10000092C85000100000001 /* Security.framework in Frameworks */ = {isa = PBXBuildFile; fileRef = B10000092C85000100000001 /* Security.framework */; };
/* End PBXBuildFile section */

/* Begin PBXFileReference section */
		C10000012C85000100000001 /* ThanoxVIP.app */ = {isa = PBXFileReference; explicitFileType = wrapper.application; includeInIndex = 0; path = ThanoxVIP.app; sourceTree = BUILT_PRODUCTS_DIR; };
		B10000012C85000100000001 /* main.m */ = {isa = PBXFileReference; lastKnownFileType = sourcecode.c.objc; path = main.m; sourceTree = "<group>"; };
		B10000022C85000100000001 /* AppDelegate.m */ = {isa = PBXFileReference; lastKnownFileType = sourcecode.c.objc; path = AppDelegate.m; sourceTree = "<group>"; };
		B10000122C85000100000001 /* AppDelegate.h */ = {isa = PBXFileReference; lastKnownFileType = sourcecode.c.h; path = AppDelegate.h; sourceTree = "<group>"; };
		B10000032C85000100000001 /* ViewController.m */ = {isa = PBXFileReference; lastKnownFileType = sourcecode.c.objc; path = ViewController.m; sourceTree = "<group>"; };
		B10000132C85000100000001 /* ViewController.h */ = {isa = PBXFileReference; lastKnownFileType = sourcecode.c.h; path = ViewController.h; sourceTree = "<group>"; };
		B10000042C85000100000001 /* SecurityShield.m */ = {isa = PBXFileReference; lastKnownFileType = sourcecode.c.objc; path = SecurityShield.m; sourceTree = "<group>"; };
		B10000142C85000100000001 /* SecurityShield.h */ = {isa = PBXFileReference; lastKnownFileType = sourcecode.c.h; path = SecurityShield.h; sourceTree = "<group>"; };
		B10000052C85000100000001 /* LocalSchemeHandler.m */ = {isa = PBXFileReference; lastKnownFileType = sourcecode.c.objc; path = LocalSchemeHandler.m; sourceTree = "<group>"; };
		B10000152C85000100000001 /* LocalSchemeHandler.h */ = {isa = PBXFileReference; lastKnownFileType = sourcecode.c.h; path = LocalSchemeHandler.h; sourceTree = "<group>"; };
		B10000062C85000100000001 /* Assets.xcassets */ = {isa = PBXFileReference; lastKnownFileType = folder.assetcatalog; path = Assets.xcassets; sourceTree = "<group>"; };
		B10000072C85000100000001 /* assets.enc */ = {isa = PBXFileReference; lastKnownFileType = file; path = assets.enc; sourceTree = "<group>"; };
		B10000162C85000100000001 /* Info.plist */ = {isa = PBXFileReference; lastKnownFileType = text.plist.xml; path = Info.plist; sourceTree = "<group>"; };
		B10000172C85000100000001 /* ThanoxVIP.entitlements */ = {isa = PBXFileReference; lastKnownFileType = text.plist.entitlements; path = ThanoxVIP.entitlements; sourceTree = "<group>"; };
		B10000082C85000100000001 /* WebKit.framework */ = {isa = PBXFileReference; lastKnownFileType = wrapper.framework; name = WebKit.framework; path = System/Library/Frameworks/WebKit.framework; sourceTree = SDKROOT; };
		B10000092C85000100000001 /* Security.framework */ = {isa = PBXFileReference; lastKnownFileType = wrapper.framework; name = Security.framework; path = System/Library/Frameworks/Security.framework; sourceTree = SDKROOT; };
/* End PBXFileReference section */

/* Begin PBXFrameworksBuildPhase section */
		D10000012C85000100000001 /* Frameworks */ = {
			isa = PBXFrameworksBuildPhase;
			buildActionMask = 2147483647;
			files = (
				A10000082C85000100000001 /* WebKit.framework in Frameworks */,
				A10000092C85000100000001 /* Security.framework in Frameworks */,
			);
			runOnlyForDeploymentPostprocessing = 0;
		};
/* End PBXFrameworksBuildPhase section */

/* Begin PBXGroup section */
		E10000012C85000100000001 = {
			isa = PBXGroup;
			children = (
				E10000022C85000100000001 /* ThanoxVIP */,
				E10000032C85000100000001 /* Frameworks */,
				E10000042C85000100000001 /* Products */,
			);
			sourceTree = "<group>";
		};
		E10000022C85000100000001 /* ThanoxVIP */ = {
			isa = PBXGroup;
			children = (
				B10000012C85000100000001 /* main.m */,
				B10000122C85000100000001 /* AppDelegate.h */,
				B10000022C85000100000001 /* AppDelegate.m */,
				B10000132C85000100000001 /* ViewController.h */,
				B10000032C85000100000001 /* ViewController.m */,
				B10000142C85000100000001 /* SecurityShield.h */,
				B10000042C85000100000001 /* SecurityShield.m */,
				B10000152C85000100000001 /* LocalSchemeHandler.h */,
				B10000052C85000100000001 /* LocalSchemeHandler.m */,
				B10000062C85000100000001 /* Assets.xcassets */,
				B10000072C85000100000001 /* assets.enc */,
				B10000162C85000100000001 /* Info.plist */,
				B10000172C85000100000001 /* ThanoxVIP.entitlements */,
			);
			path = ThanoxVIP;
			sourceTree = "<group>";
		};
		E10000032C85000100000001 /* Frameworks */ = {
			isa = PBXGroup;
			children = (
				B10000082C85000100000001 /* WebKit.framework */,
				B10000092C85000100000001 /* Security.framework */,
			);
			name = Frameworks;
			sourceTree = "<group>";
		};
		E10000042C85000100000001 /* Products */ = {
			isa = PBXGroup;
			children = (
				C10000012C85000100000001 /* ThanoxVIP.app */,
			);
			name = Products;
			sourceTree = "<group>";
		};
/* End PBXGroup section */

/* Begin PBXNativeTarget section */
		F10000012C85000100000001 /* ThanoxVIP */ = {
			isa = PBXNativeTarget;
			buildConfigurationList = G10000012C85000100000001 /* Build configuration list for PBXNativeTarget "ThanoxVIP" */;
			buildPhases = (
				H10000012C85000100000001 /* Sources */,
				D10000012C85000100000001 /* Frameworks */,
				I10000012C85000100000001 /* Resources */,
			);
			buildRules = (
			);
			dependencies = (
			);
			name = ThanoxVIP;
			productName = ThanoxVIP;
			productReference = C10000012C85000100000001 /* ThanoxVIP.app */;
			productType = "com.apple.product-type.application";
		};
/* End PBXNativeTarget section */

/* Begin PBXProject section */
		J10000012C85000100000001 /* Project object */ = {
			isa = PBXProject;
			attributes = {
				BuildIndependentTargetsInParallel = 1;
				LastUpgradeCheck = 1500;
				TargetAttributes = {
					F10000012C85000100000001 = {
						CreatedOnToolsVersion = 15.0;
					};
				};
			};
			buildConfigurationList = K10000012C85000100000001 /* Build configuration list for PBXProject "ThanoxVIP" */;
			compatibilityVersion = "Xcode 14.0";
			developmentRegion = vi;
			hasScannedForEncodings = 0;
			knownRegions = (
				vi,
				Base,
			);
			mainGroup = E10000012C85000100000001;
			productRefGroup = E10000042C85000100000001 /* Products */;
			projectDirPath = "";
			projectRoot = "";
			targets = (
				F10000012C85000100000001 /* ThanoxVIP */,
			);
		};
/* End PBXProject section */

/* Begin PBXResourcesBuildPhase section */
		I10000012C85000100000001 /* Resources */ = {
			isa = PBXResourcesBuildPhase;
			buildActionMask = 2147483647;
			files = (
				A10000062C85000100000001 /* Assets.xcassets in Resources */,
				A10000072C85000100000001 /* assets.enc in Resources */,
			);
			runOnlyForDeploymentPostprocessing = 0;
		};
/* End PBXResourcesBuildPhase section */

/* Begin PBXSourcesBuildPhase section */
		H10000012C85000100000001 /* Sources */ = {
			isa = PBXSourcesBuildPhase;
			buildActionMask = 2147483647;
			files = (
				A10000012C85000100000001 /* main.m in Sources */,
				A10000022C85000100000001 /* AppDelegate.m in Sources */,
				A10000032C85000100000001 /* ViewController.m in Sources */,
				A10000042C85000100000001 /* SecurityShield.m in Sources */,
				A10000052C85000100000001 /* LocalSchemeHandler.m in Sources */,
			);
			runOnlyForDeploymentPostprocessing = 0;
		};
/* End PBXSourcesBuildPhase section */

/* Begin XCBuildConfiguration section */
		L10000012C85000100000001 /* Debug */ = {
			isa = XCBuildConfiguration;
			buildSettings = {
				ALWAYS_SEARCH_USER_PATHS = NO;
				CLANG_ANALYZER_NONNULL = YES;
				CLANG_CXX_LANGUAGE_STANDARD = "gnu++20";
				CLANG_ENABLE_MODULES = YES;
				CLANG_ENABLE_OBJC_ARC = YES;
				CLANG_WARN_BLOCK_CAPTURE_AUTORELEASING = YES;
				CLANG_WARN_BOOL_CONVERSIONS = YES;
				CLANG_WARN_COMMA = YES;
				CLANG_WARN_CONSTANT_CONVERSION = YES;
				CLANG_WARN_EMPTY_BODY = YES;
				CLANG_WARN_ENUM_CONVERSION = YES;
				CLANG_WARN_INFINITE_RECURSION = YES;
				CLANG_WARN_INT_CONVERSION = YES;
				CLANG_WARN_NON_LITERAL_NULL_CONVERSION = YES;
				CLANG_WARN_OBJC_LITERAL_CONVERSION = YES;
				CLANG_WARN_RANGE_LOOP_ANALYSIS = YES;
				CLANG_WARN_STRICT_PROTOTYPES = YES;
				CLANG_WARN_SUSPICIOUS_MOVE = YES;
				CLANG_WARN_UNREACHABLE_CODE = YES;
				CLANG_WARN__DUPLICATE_METHOD_MATCH = YES;
				COPY_PHASE_STRIP = NO;
				ENABLE_STRICT_OBJC_MSGSEND = YES;
				ENABLE_TESTABILITY = YES;
				GCC_C_LANGUAGE_STANDARD = gnu11;
				GCC_DYNAMIC_NO_PIC = NO;
				GCC_NO_COMMON_BLOCKS = YES;
				GCC_OPTIMIZATION_LEVEL = 0;
				GCC_PREPROCESSOR_DEFINITIONS = (
					"DEBUG=1",
					"$(inherited)",
				);
				GCC_WARN_64_TO_32_BIT_CONVERSION = YES;
				GCC_WARN_ABOUT_RETURN_TYPE = YES_ERROR;
				GCC_WARN_UNDECLARED_SELECTOR = YES;
				GCC_WARN_UNINITIALIZED_AUTOS = YES_AGGRESSIVE;
				GCC_WARN_UNUSED_FUNCTION = YES;
				GCC_WARN_UNUSED_VARIABLE = YES;
				IPHONEOS_DEPLOYMENT_TARGET = 15.0;
				MTL_ENABLE_DEBUG_INFO = INCLUDE_SOURCE;
				ONLY_ACTIVE_ARCH = YES;
				SDKROOT = iphoneos;
			};
			name = Debug;
		};
		L10000022C85000100000001 /* Release */ = {
			isa = XCBuildConfiguration;
			buildSettings = {
				ALWAYS_SEARCH_USER_PATHS = NO;
				CLANG_ANALYZER_NONNULL = YES;
				CLANG_CXX_LANGUAGE_STANDARD = "gnu++20";
				CLANG_ENABLE_MODULES = YES;
				CLANG_ENABLE_OBJC_ARC = YES;
				CLANG_WARN_BLOCK_CAPTURE_AUTORELEASING = YES;
				CLANG_WARN_BOOL_CONVERSIONS = YES;
				CLANG_WARN_COMMA = YES;
				CLANG_WARN_CONSTANT_CONVERSION = YES;
				CLANG_WARN_EMPTY_BODY = YES;
				CLANG_WARN_ENUM_CONVERSION = YES;
				CLANG_WARN_INFINITE_RECURSION = YES;
				CLANG_WARN_INT_CONVERSION = YES;
				CLANG_WARN_NON_LITERAL_NULL_CONVERSION = YES;
				CLANG_WARN_OBJC_LITERAL_CONVERSION = YES;
				CLANG_WARN_RANGE_LOOP_ANALYSIS = YES;
				CLANG_WARN_STRICT_PROTOTYPES = YES;
				CLANG_WARN_SUSPICIOUS_MOVE = YES;
				CLANG_WARN_UNREACHABLE_CODE = YES;
				CLANG_WARN__DUPLICATE_METHOD_MATCH = YES;
				COPY_PHASE_STRIP = YES;
				DEAD_CODE_STRIPPING = YES;
				DEPLOYMENT_POSTPROCESSING = YES;
				ENABLE_NS_ASSERTIONS = NO;
				ENABLE_STRICT_OBJC_MSGSEND = YES;
				GCC_C_LANGUAGE_STANDARD = gnu11;
				GCC_NO_COMMON_BLOCKS = YES;
				GCC_OPTIMIZATION_LEVEL = s;
				GCC_WARN_64_TO_32_BIT_CONVERSION = YES;
				GCC_WARN_ABOUT_RETURN_TYPE = YES_ERROR;
				GCC_WARN_UNDECLARED_SELECTOR = YES;
				GCC_WARN_UNINITIALIZED_AUTOS = YES_AGGRESSIVE;
				GCC_WARN_UNUSED_FUNCTION = YES;
				GCC_WARN_UNUSED_VARIABLE = YES;
				IPHONEOS_DEPLOYMENT_TARGET = 15.0;
				MTL_ENABLE_DEBUG_INFO = NO;
				SDKROOT = iphoneos;
				STRIP_INSTALLED_PRODUCT = YES;
				VALIDATE_PRODUCT = YES;
			};
			name = Release;
		};
		M10000012C85000100000001 /* Debug */ = {
			isa = XCBuildConfiguration;
			buildSettings = {
				ASSETCATALOG_COMPILER_APPICON_NAME = AppIcon;
				CODE_SIGN_STYLE = Automatic;
				CODE_SIGN_IDENTITY = "Apple Development";
				CURRENT_PROJECT_VERSION = 1;
				GENERATE_INFOPLIST_FILE = NO;
				INFOPLIST_FILE = ThanoxVIP/Info.plist;
				LD_RUNPATH_SEARCH_PATHS = (
					"$(inherited)",
					"@executable_path/Frameworks",
				);
				MARKETING_VERSION = 1.0.0;
				PRODUCT_BUNDLE_IDENTIFIER = com.thanox.ios.vip;
				PRODUCT_NAME = "$(TARGET_NAME)";
				TARGETED_DEVICE_FAMILY = "1,2";
			};
			name = Debug;
		};
		M10000022C85000100000001 /* Release */ = {
			isa = XCBuildConfiguration;
			buildSettings = {
				ASSETCATALOG_COMPILER_APPICON_NAME = AppIcon;
				CODE_SIGN_STYLE = Manual;
				CODE_SIGN_IDENTITY = "";
				CODE_SIGNING_REQUIRED = NO;
				CODE_SIGNING_ALLOWED = YES;
				CURRENT_PROJECT_VERSION = 1;
				GENERATE_INFOPLIST_FILE = NO;
				INFOPLIST_FILE = ThanoxVIP/Info.plist;
				LD_RUNPATH_SEARCH_PATHS = (
					"$(inherited)",
					"@executable_path/Frameworks",
				);
				MARKETING_VERSION = 1.0.0;
				PRODUCT_BUNDLE_IDENTIFIER = com.thanox.ios.vip;
				PRODUCT_NAME = "$(TARGET_NAME)";
				TARGETED_DEVICE_FAMILY = "1,2";
			};
			name = Release;
		};
/* End XCBuildConfiguration section */

/* Begin XCConfigurationList section */
		K10000012C85000100000001 /* Build configuration list for PBXProject "ThanoxVIP" */ = {
			isa = XCConfigurationList;
			buildConfigurations = (
				L10000012C85000100000001 /* Debug */,
				L10000022C85000100000001 /* Release */,
			);
			defaultConfigurationIsVisible = 0;
			defaultConfigurationName = Release;
		};
		G10000012C85000100000001 /* Build configuration list for PBXNativeTarget "ThanoxVIP" */ = {
			isa = XCConfigurationList;
			buildConfigurations = (
				M10000012C85000100000001 /* Debug */,
				M10000022C85000100000001 /* Release */,
			);
			defaultConfigurationIsVisible = 0;
			defaultConfigurationName = Release;
		};
/* End XCConfigurationList section */

	};
	rootObject = J10000012C85000100000001 /* Project object */;
}
