// !$*UTF8*$!
{
	archiveVersion = 1;
	classes = {
	};
	objectVersion = 54;
	objects = {

/* Begin PBXBuildFile section */
		A10000012C85000100000001 /* main.m in Sources */ = {isa = PBXBuildFile; fileRef = B10000012C85000100000001 /* main.m */; };
		A10000022C85000100000001 /* AppDelegate.m in Sources */ = {isa = PBXBuildFile; fileRef = B10000022C85000100000001 /* AppDelegate.m */; };
		A10000032C85000100000001 /* ViewController.m in Sources */ = {isa = PBXBuildFile; fileRef = B10000032C85000100000001 /* ViewController.m */; };
		A10000042C85000100000001 /* SecurityShield.m in Sources */ = {isa = PBXBuildFile; fileRef = B10000042C85000100000001 /* SecurityShield.m */; };
		A10000052C85000100000001 /* LocalSchemeHandler.m in Sources */ = {isa = PBXBuildFile; fileRef = B10000052C85000100000001 /* LocalSchemeHandler.m */; };
		A10000062C85000100000001 /* Assets.xcassets in Resources */ = {isa = PBXBuildFile; fileRef = B10000062C85000100000001 /* Assets.xcassets */; };
		A10000072C85000100000001 /* assets.enc in Resources */ = {isa = PBXBuildFile; fileRef = B10000072C85000100000001 /* assets.enc */; };
		A10000082C85000100000001 /* WebKit.framework in Frameworks */ = {isa = PBXBuildFile; fileRef = B10000082C85000100000001 /* WebKit.framework */; };
		A10000092C85000100000001 /* Security.framework in Frameworks */ = {isa = PBXBuildFile; fileRef = B10000092C85000100000001 /* Security.framework */; };
		A20000012C85000100000001 /* PatchLogger.swift in Sources */ = {isa = PBXBuildFile; fileRef = B20000012C85000100000001 /* PatchLogger.swift */; };
		A20000022C85000100000001 /* PatchManager.swift in Sources */ = {isa = PBXBuildFile; fileRef = B20000022C85000100000001 /* PatchManager.swift */; };
		A20000032C85000100000001 /* PatchExporter.swift in Sources */ = {isa = PBXBuildFile; fileRef = B20000032C85000100000001 /* PatchExporter.swift */; };
		A20000042C85000100000001 /* PatchShareManager.swift in Sources */ = {isa = PBXBuildFile; fileRef = B20000042C85000100000001 /* PatchShareManager.swift */; };
		A20000052C85000100000001 /* MockPatchFileProvider.swift in Sources */ = {isa = PBXBuildFile; fileRef = B20000052C85000100000001 /* MockPatchFileProvider.swift */; };
		A20000062C85000100000001 /* PatchFileProvider.swift in Sources */ = {isa = PBXBuildFile; fileRef = B20000062C85000100000001 /* PatchFileProvider.swift */; };
		A20000072C85000100000001 /* PatchProviderFactory.swift in Sources */ = {isa = PBXBuildFile; fileRef = B20000072C85000100000001 /* PatchProviderFactory.swift */; };
		A20000082C85000100000001 /* SandboxPatchFileProvider.swift in Sources */ = {isa = PBXBuildFile; fileRef = B20000082C85000100000001 /* SandboxPatchFileProvider.swift */; };
		A20000092C85000100000001 /* SecurePathResolver.swift in Sources */ = {isa = PBXBuildFile; fileRef = B20000092C85000100000001 /* SecurePathResolver.swift */; };
		A200000A2C85000100000001 /* PatchEngineError.swift in Sources */ = {isa = PBXBuildFile; fileRef = B200000A2C85000100000001 /* PatchEngineError.swift */; };
		A200000B2C85000100000001 /* PatchFile.swift in Sources */ = {isa = PBXBuildFile; fileRef = B200000B2C85000100000001 /* PatchFile.swift */; };
		A200000C2C85000100000001 /* PatchMetadata.swift in Sources */ = {isa = PBXBuildFile; fileRef = B200000C2C85000100000001 /* PatchMetadata.swift */; };
		A200000D2C85000100000001 /* PatchTarget.swift in Sources */ = {isa = PBXBuildFile; fileRef = B200000D2C85000100000001 /* PatchTarget.swift */; };
		A200000E2C85000100000001 /* PatchTransactionResult.swift in Sources */ = {isa = PBXBuildFile; fileRef = B200000E2C85000100000001 /* PatchTransactionResult.swift */; };
		A200000F2C85000100000001 /* PatchPackage.swift in Sources */ = {isa = PBXBuildFile; fileRef = B200000F2C85000100000001 /* PatchPackage.swift */; };
		A20000102C85000100000001 /* PatchPackageCodec.swift in Sources */ = {isa = PBXBuildFile; fileRef = B20000102C85000100000001 /* PatchPackageCodec.swift */; };
		A20000112C85000100000001 /* PatchPackageImporter.swift in Sources */ = {isa = PBXBuildFile; fileRef = B20000112C85000100000001 /* PatchPackageImporter.swift */; };
		A20000122C85000100000001 /* PatchPackageValidator.swift in Sources */ = {isa = PBXBuildFile; fileRef = B20000122C85000100000001 /* PatchPackageValidator.swift */; };
		A20000132C85000100000001 /* PatchEngineDiagnostics.swift in Sources */ = {isa = PBXBuildFile; fileRef = B20000132C85000100000001 /* PatchEngineDiagnostics.swift */; };
		A20000142C85000100000001 /* PatchPackageTests.swift in Sources */ = {isa = PBXBuildFile; fileRef = B20000142C85000100000001 /* PatchPackageTests.swift */; };
		A20000152C85000100000001 /* PatchRollbackTests.swift in Sources */ = {isa = PBXBuildFile; fileRef = B20000152C85000100000001 /* PatchRollbackTests.swift */; };
		A20000162C85000100000001 /* PatchSecurityTests.swift in Sources */ = {isa = PBXBuildFile; fileRef = B20000162C85000100000001 /* PatchSecurityTests.swift */; };
		A20000172C85000100000001 /* PatchTransactionTests.swift in Sources */ = {isa = PBXBuildFile; fileRef = B20000172C85000100000001 /* PatchTransactionTests.swift */; };
		A20000182C85000100000001 /* PatchBackupManager.swift in Sources */ = {isa = PBXBuildFile; fileRef = B20000182C85000100000001 /* PatchBackupManager.swift */; };
		A20000192C85000100000001 /* PatchJournal.swift in Sources */ = {isa = PBXBuildFile; fileRef = B20000192C85000100000001 /* PatchJournal.swift */; };
		A200001A2C85000100000001 /* PatchJournalRecoveryManager.swift in Sources */ = {isa = PBXBuildFile; fileRef = B200001A2C85000100000001 /* PatchJournalRecoveryManager.swift */; };
		A200001B2C85000100000001 /* PatchRollbackManager.swift in Sources */ = {isa = PBXBuildFile; fileRef = B200001B2C85000100000001 /* PatchRollbackManager.swift */; };
		A200001C2C85000100000001 /* PatchTransaction.swift in Sources */ = {isa = PBXBuildFile; fileRef = B200001C2C85000100000001 /* PatchTransaction.swift */; };
		A200001D2C85000100000001 /* PatchTransactionExecutor.swift in Sources */ = {isa = PBXBuildFile; fileRef = B200001D2C85000100000001 /* PatchTransactionExecutor.swift */; };
		A200001E2C85000100000001 /* AimBodyPatchView.swift in Sources */ = {isa = PBXBuildFile; fileRef = B200001E2C85000100000001 /* AimBodyPatchView.swift */; };
		A200001F2C85000100000001 /* PatchProgressView.swift in Sources */ = {isa = PBXBuildFile; fileRef = B200001F2C85000100000001 /* PatchProgressView.swift */; };
		A20000202C85000100000001 /* PatchStatusView.swift in Sources */ = {isa = PBXBuildFile; fileRef = B20000202C85000100000001 /* PatchStatusView.swift */; };
/* End PBXBuildFile section */

/* Begin PBXFileReference section */
		C10000012C85000100000001 /* ThanoxVIP.app */ = {isa = PBXFileReference; explicitFileType = wrapper.application; includeInIndex = 0; path = ThanoxVIP.app; sourceTree = BUILT_PRODUCTS_DIR; };
		B10000012C85000100000001 /* main.m */ = {isa = PBXFileReference; lastKnownFileType = sourcecode.c.objc; path = main.m; sourceTree = "<group>"; };
		B10000022C85000100000001 /* AppDelegate.m */ = {isa = PBXFileReference; lastKnownFileType = sourcecode.c.objc; path = AppDelegate.m; sourceTree = "<group>"; };
		B10000122C85000100000001 /* AppDelegate.h */ = {isa = PBXFileReference; lastKnownFileType = sourcecode.c.h; path = AppDelegate.h; sourceTree = "<group>"; };
		B10000032C85000100000001 /* ViewController.m */ = {isa = PBXFileReference; lastKnownFileType = sourcecode.c.objc; path = ViewController.m; sourceTree = "<group>"; };
		B10000132C85000100000001 /* ViewController.h */ = {isa = PBXFileReference; lastKnownFileType = sourcecode.c.h; path = ViewController.h; sourceTree = "<group>"; };
		B10000042C85000100000001 /* SecurityShield.m */ = {isa = PBXFileReference; lastKnownFileType = sourcecode.c.objc; path = SecurityShield.m; sourceTree = "<group>"; };
		B10000142C85000100000001 /* SecurityShield.h */ = {isa = PBXFileReference; lastKnownFileType = sourcecode.c.h; path = SecurityShield.h; sourceTree = "<group>"; };
		B10000052C85000100000001 /* LocalSchemeHandler.m */ = {isa = PBXFileReference; lastKnownFileType = sourcecode.c.objc; path = LocalSchemeHandler.m; sourceTree = "<group>"; };
		B10000152C85000100000001 /* LocalSchemeHandler.h */ = {isa = PBXFileReference; lastKnownFileType = sourcecode.c.h; path = LocalSchemeHandler.h; sourceTree = "<group>"; };
		B10000062C85000100000001 /* Assets.xcassets */ = {isa = PBXFileReference; lastKnownFileType = folder.assetcatalog; path = Assets.xcassets; sourceTree = "<group>"; };
		B10000072C85000100000001 /* assets.enc */ = {isa = PBXFileReference; lastKnownFileType = file; path = assets.enc; sourceTree = "<group>"; };
		B10000162C85000100000001 /* Info.plist */ = {isa = PBXFileReference; lastKnownFileType = text.plist.xml; path = Info.plist; sourceTree = "<group>"; };
		B10000172C85000100000001 /* ThanoxVIP.entitlements */ = {isa = PBXFileReference; lastKnownFileType = text.plist.entitlements; path = ThanoxVIP.entitlements; sourceTree = "<group>"; };
		B10000082C85000100000001 /* WebKit.framework */ = {isa = PBXFileReference; lastKnownFileType = wrapper.framework; name = WebKit.framework; path = System/Library/Frameworks/WebKit.framework; sourceTree = SDKROOT; };
		B10000092C85000100000001 /* Security.framework */ = {isa = PBXFileReference; lastKnownFileType = wrapper.framework; name = Security.framework; path = System/Library/Frameworks/Security.framework; sourceTree = SDKROOT; };
		B20000012C85000100000001 /* PatchLogger.swift */ = {isa = PBXFileReference; lastKnownFileType = sourcecode.swift; path = "PatchEngine/PatchLogger.swift"; sourceTree = "<group>"; };
		B20000022C85000100000001 /* PatchManager.swift */ = {isa = PBXFileReference; lastKnownFileType = sourcecode.swift; path = "PatchEngine/PatchManager.swift"; sourceTree = "<group>"; };
		B20000032C85000100000001 /* PatchExporter.swift */ = {isa = PBXFileReference; lastKnownFileType = sourcecode.swift; path = "PatchEngine/Export/PatchExporter.swift"; sourceTree = "<group>"; };
		B20000042C85000100000001 /* PatchShareManager.swift */ = {isa = PBXFileReference; lastKnownFileType = sourcecode.swift; path = "PatchEngine/Export/PatchShareManager.swift"; sourceTree = "<group>"; };
		B20000052C85000100000001 /* MockPatchFileProvider.swift */ = {isa = PBXFileReference; lastKnownFileType = sourcecode.swift; path = "PatchEngine/Filesystem/MockPatchFileProvider.swift"; sourceTree = "<group>"; };
		B20000062C85000100000001 /* PatchFileProvider.swift */ = {isa = PBXFileReference; lastKnownFileType = sourcecode.swift; path = "PatchEngine/Filesystem/PatchFileProvider.swift"; sourceTree = "<group>"; };
		B20000072C85000100000001 /* PatchProviderFactory.swift */ = {isa = PBXFileReference; lastKnownFileType = sourcecode.swift; path = "PatchEngine/Filesystem/PatchProviderFactory.swift"; sourceTree = "<group>"; };
		B20000082C85000100000001 /* SandboxPatchFileProvider.swift */ = {isa = PBXFileReference; lastKnownFileType = sourcecode.swift; path = "PatchEngine/Filesystem/SandboxPatchFileProvider.swift"; sourceTree = "<group>"; };
		B20000092C85000100000001 /* SecurePathResolver.swift */ = {isa = PBXFileReference; lastKnownFileType = sourcecode.swift; path = "PatchEngine/Filesystem/SecurePathResolver.swift"; sourceTree = "<group>"; };
		B200000A2C85000100000001 /* PatchEngineError.swift */ = {isa = PBXFileReference; lastKnownFileType = sourcecode.swift; path = "PatchEngine/Models/PatchEngineError.swift"; sourceTree = "<group>"; };
		B200000B2C85000100000001 /* PatchFile.swift */ = {isa = PBXFileReference; lastKnownFileType = sourcecode.swift; path = "PatchEngine/Models/PatchFile.swift"; sourceTree = "<group>"; };
		B200000C2C85000100000001 /* PatchMetadata.swift */ = {isa = PBXFileReference; lastKnownFileType = sourcecode.swift; path = "PatchEngine/Models/PatchMetadata.swift"; sourceTree = "<group>"; };
		B200000D2C85000100000001 /* PatchTarget.swift */ = {isa = PBXFileReference; lastKnownFileType = sourcecode.swift; path = "PatchEngine/Models/PatchTarget.swift"; sourceTree = "<group>"; };
		B200000E2C85000100000001 /* PatchTransactionResult.swift */ = {isa = PBXFileReference; lastKnownFileType = sourcecode.swift; path = "PatchEngine/Models/PatchTransactionResult.swift"; sourceTree = "<group>"; };
		B200000F2C85000100000001 /* PatchPackage.swift */ = {isa = PBXFileReference; lastKnownFileType = sourcecode.swift; path = "PatchEngine/Package/PatchPackage.swift"; sourceTree = "<group>"; };
		B20000102C85000100000001 /* PatchPackageCodec.swift */ = {isa = PBXFileReference; lastKnownFileType = sourcecode.swift; path = "PatchEngine/Package/PatchPackageCodec.swift"; sourceTree = "<group>"; };
		B20000112C85000100000001 /* PatchPackageImporter.swift */ = {isa = PBXFileReference; lastKnownFileType = sourcecode.swift; path = "PatchEngine/Package/PatchPackageImporter.swift"; sourceTree = "<group>"; };
		B20000122C85000100000001 /* PatchPackageValidator.swift */ = {isa = PBXFileReference; lastKnownFileType = sourcecode.swift; path = "PatchEngine/Package/PatchPackageValidator.swift"; sourceTree = "<group>"; };
		B20000132C85000100000001 /* PatchEngineDiagnostics.swift */ = {isa = PBXFileReference; lastKnownFileType = sourcecode.swift; path = "PatchEngine/Tests/PatchEngineDiagnostics.swift"; sourceTree = "<group>"; };
		B20000142C85000100000001 /* PatchPackageTests.swift */ = {isa = PBXFileReference; lastKnownFileType = sourcecode.swift; path = "PatchEngine/Tests/PatchPackageTests.swift"; sourceTree = "<group>"; };
		B20000152C85000100000001 /* PatchRollbackTests.swift */ = {isa = PBXFileReference; lastKnownFileType = sourcecode.swift; path = "PatchEngine/Tests/PatchRollbackTests.swift"; sourceTree = "<group>"; };
		B20000162C85000100000001 /* PatchSecurityTests.swift */ = {isa = PBXFileReference; lastKnownFileType = sourcecode.swift; path = "PatchEngine/Tests/PatchSecurityTests.swift"; sourceTree = "<group>"; };
		B20000172C85000100000001 /* PatchTransactionTests.swift */ = {isa = PBXFileReference; lastKnownFileType = sourcecode.swift; path = "PatchEngine/Tests/PatchTransactionTests.swift"; sourceTree = "<group>"; };
		B20000182C85000100000001 /* PatchBackupManager.swift */ = {isa = PBXFileReference; lastKnownFileType = sourcecode.swift; path = "PatchEngine/Transaction/PatchBackupManager.swift"; sourceTree = "<group>"; };
		B20000192C85000100000001 /* PatchJournal.swift */ = {isa = PBXFileReference; lastKnownFileType = sourcecode.swift; path = "PatchEngine/Transaction/PatchJournal.swift"; sourceTree = "<group>"; };
		B200001A2C85000100000001 /* PatchJournalRecoveryManager.swift */ = {isa = PBXFileReference; lastKnownFileType = sourcecode.swift; path = "PatchEngine/Transaction/PatchJournalRecoveryManager.swift"; sourceTree = "<group>"; };
		B200001B2C85000100000001 /* PatchRollbackManager.swift */ = {isa = PBXFileReference; lastKnownFileType = sourcecode.swift; path = "PatchEngine/Transaction/PatchRollbackManager.swift"; sourceTree = "<group>"; };
		B200001C2C85000100000001 /* PatchTransaction.swift */ = {isa = PBXFileReference; lastKnownFileType = sourcecode.swift; path = "PatchEngine/Transaction/PatchTransaction.swift"; sourceTree = "<group>"; };
		B200001D2C85000100000001 /* PatchTransactionExecutor.swift */ = {isa = PBXFileReference; lastKnownFileType = sourcecode.swift; path = "PatchEngine/Transaction/PatchTransactionExecutor.swift"; sourceTree = "<group>"; };
		B200001E2C85000100000001 /* AimBodyPatchView.swift */ = {isa = PBXFileReference; lastKnownFileType = sourcecode.swift; path = "PatchEngine/UI/AimBodyPatchView.swift"; sourceTree = "<group>"; };
		B200001F2C85000100000001 /* PatchProgressView.swift */ = {isa = PBXFileReference; lastKnownFileType = sourcecode.swift; path = "PatchEngine/UI/PatchProgressView.swift"; sourceTree = "<group>"; };
		B20000202C85000100000001 /* PatchStatusView.swift */ = {isa = PBXFileReference; lastKnownFileType = sourcecode.swift; path = "PatchEngine/UI/PatchStatusView.swift"; sourceTree = "<group>"; };
		B200FFF02C85000100000001 /* ThanoxVIP-Bridging-Header.h */ = {isa = PBXFileReference; lastKnownFileType = sourcecode.c.h; path = "ThanoxVIP-Bridging-Header.h"; sourceTree = "<group>"; };
/* End PBXFileReference section */

/* Begin PBXFrameworksBuildPhase section */
		D10000012C85000100000001 /* Frameworks */ = {
			isa = PBXFrameworksBuildPhase;
			buildActionMask = 2147483647;
			files = (
				A10000082C85000100000001 /* WebKit.framework in Frameworks */,
				A10000092C85000100000001 /* Security.framework in Frameworks */,
			);
			runOnlyForDeploymentPostprocessing = 0;
		};
/* End PBXFrameworksBuildPhase section */

/* Begin PBXGroup section */
		E10000012C85000100000001 = {
			isa = PBXGroup;
			children = (
				E10000022C85000100000001 /* ThanoxVIP */,
				E10000032C85000100000001 /* Frameworks */,
				E10000042C85000100000001 /* Products */,
			);
			sourceTree = "<group>";
		};
		E10000022C85000100000001 /* ThanoxVIP */ = {
			isa = PBXGroup;
			children = (
				B10000012C85000100000001 /* main.m */,
				B10000122C85000100000001 /* AppDelegate.h */,
				B10000022C85000100000001 /* AppDelegate.m */,
				B10000132C85000100000001 /* ViewController.h */,
				B10000032C85000100000001 /* ViewController.m */,
				B10000142C85000100000001 /* SecurityShield.h */,
				B10000042C85000100000001 /* SecurityShield.m */,
				B10000152C85000100000001 /* LocalSchemeHandler.h */,
				B10000052C85000100000001 /* LocalSchemeHandler.m */,
				B10000062C85000100000001 /* Assets.xcassets */,
				B10000072C85000100000001 /* assets.enc */,
				B10000162C85000100000001 /* Info.plist */,
				B10000172C85000100000001 /* ThanoxVIP.entitlements */,
				B20000012C85000100000001 /* PatchLogger.swift */,
				B20000022C85000100000001 /* PatchManager.swift */,
				B20000032C85000100000001 /* PatchExporter.swift */,
				B20000042C85000100000001 /* PatchShareManager.swift */,
				B20000052C85000100000001 /* MockPatchFileProvider.swift */,
				B20000062C85000100000001 /* PatchFileProvider.swift */,
				B20000072C85000100000001 /* PatchProviderFactory.swift */,
				B20000082C85000100000001 /* SandboxPatchFileProvider.swift */,
				B20000092C85000100000001 /* SecurePathResolver.swift */,
				B200000A2C85000100000001 /* PatchEngineError.swift */,
				B200000B2C85000100000001 /* PatchFile.swift */,
				B200000C2C85000100000001 /* PatchMetadata.swift */,
				B200000D2C85000100000001 /* PatchTarget.swift */,
				B200000E2C85000100000001 /* PatchTransactionResult.swift */,
				B200000F2C85000100000001 /* PatchPackage.swift */,
				B20000102C85000100000001 /* PatchPackageCodec.swift */,
				B20000112C85000100000001 /* PatchPackageImporter.swift */,
				B20000122C85000100000001 /* PatchPackageValidator.swift */,
				B20000132C85000100000001 /* PatchEngineDiagnostics.swift */,
				B20000142C85000100000001 /* PatchPackageTests.swift */,
				B20000152C85000100000001 /* PatchRollbackTests.swift */,
				B20000162C85000100000001 /* PatchSecurityTests.swift */,
				B20000172C85000100000001 /* PatchTransactionTests.swift */,
				B20000182C85000100000001 /* PatchBackupManager.swift */,
				B20000192C85000100000001 /* PatchJournal.swift */,
				B200001A2C85000100000001 /* PatchJournalRecoveryManager.swift */,
				B200001B2C85000100000001 /* PatchRollbackManager.swift */,
				B200001C2C85000100000001 /* PatchTransaction.swift */,
				B200001D2C85000100000001 /* PatchTransactionExecutor.swift */,
				B200001E2C85000100000001 /* AimBodyPatchView.swift */,
				B200001F2C85000100000001 /* PatchProgressView.swift */,
				B20000202C85000100000001 /* PatchStatusView.swift */,
				B200FFF02C85000100000001 /* ThanoxVIP-Bridging-Header.h */,
			);
			path = ThanoxVIP;
			sourceTree = "<group>";
		};
		E10000032C85000100000001 /* Frameworks */ = {
			isa = PBXGroup;
			children = (
				B10000082C85000100000001 /* WebKit.framework */,
				B10000092C85000100000001 /* Security.framework */,
			);
			name = Frameworks;
			sourceTree = "<group>";
		};
		E10000042C85000100000001 /* Products */ = {
			isa = PBXGroup;
			children = (
				C10000012C85000100000001 /* ThanoxVIP.app */,
			);
			name = Products;
			sourceTree = "<group>";
		};
/* End PBXGroup section */

/* Begin PBXNativeTarget section */
		F10000012C85000100000001 /* ThanoxVIP */ = {
			isa = PBXNativeTarget;
			buildConfigurationList = G10000012C85000100000001 /* Build configuration list for PBXNativeTarget "ThanoxVIP" */;
			buildPhases = (
				H10000012C85000100000001 /* Sources */,
				D10000012C85000100000001 /* Frameworks */,
				I10000012C85000100000001 /* Resources */,
			);
			buildRules = (
			);
			dependencies = (
			);
			name = ThanoxVIP;
			productName = ThanoxVIP;
			productReference = C10000012C85000100000001 /* ThanoxVIP.app */;
			productType = "com.apple.product-type.application";
		};
/* End PBXNativeTarget section */

/* Begin PBXProject section */
		J10000012C85000100000001 /* Project object */ = {
			isa = PBXProject;
			attributes = {
				BuildIndependentTargetsInParallel = 1;
				LastUpgradeCheck = 1500;
				TargetAttributes = {
					F10000012C85000100000001 = {
						CreatedOnToolsVersion = 15.0;
					};
				};
			};
			buildConfigurationList = K10000012C85000100000001 /* Build configuration list for PBXProject "ThanoxVIP" */;
			compatibilityVersion = "Xcode 14.0";
			developmentRegion = vi;
			hasScannedForEncodings = 0;
			knownRegions = (
				vi,
				Base,
			);
			mainGroup = E10000012C85000100000001;
			productRefGroup = E10000042C85000100000001 /* Products */;
			projectDirPath = "";
			projectRoot = "";
			targets = (
				F10000012C85000100000001 /* ThanoxVIP */,
			);
		};
/* End PBXProject section */

/* Begin PBXResourcesBuildPhase section */
		I10000012C85000100000001 /* Resources */ = {
			isa = PBXResourcesBuildPhase;
			buildActionMask = 2147483647;
			files = (
				A10000062C85000100000001 /* Assets.xcassets in Resources */,
				A10000072C85000100000001 /* assets.enc in Resources */,
			);
			runOnlyForDeploymentPostprocessing = 0;
		};
/* End PBXResourcesBuildPhase section */

/* Begin PBXSourcesBuildPhase section */
		H10000012C85000100000001 /* Sources */ = {
			isa = PBXSourcesBuildPhase;
			buildActionMask = 2147483647;
			files = (
				A10000012C85000100000001 /* main.m in Sources */,
				A10000022C85000100000001 /* AppDelegate.m in Sources */,
				A10000032C85000100000001 /* ViewController.m in Sources */,
				A10000042C85000100000001 /* SecurityShield.m in Sources */,
				A10000052C85000100000001 /* LocalSchemeHandler.m in Sources */,
				A20000012C85000100000001 /* PatchLogger.swift in Sources */,
				A20000022C85000100000001 /* PatchManager.swift in Sources */,
				A20000032C85000100000001 /* PatchExporter.swift in Sources */,
				A20000042C85000100000001 /* PatchShareManager.swift in Sources */,
				A20000052C85000100000001 /* MockPatchFileProvider.swift in Sources */,
				A20000062C85000100000001 /* PatchFileProvider.swift in Sources */,
				A20000072C85000100000001 /* PatchProviderFactory.swift in Sources */,
				A20000082C85000100000001 /* SandboxPatchFileProvider.swift in Sources */,
				A20000092C85000100000001 /* SecurePathResolver.swift in Sources */,
				A200000A2C85000100000001 /* PatchEngineError.swift in Sources */,
				A200000B2C85000100000001 /* PatchFile.swift in Sources */,
				A200000C2C85000100000001 /* PatchMetadata.swift in Sources */,
				A200000D2C85000100000001 /* PatchTarget.swift in Sources */,
				A200000E2C85000100000001 /* PatchTransactionResult.swift in Sources */,
				A200000F2C85000100000001 /* PatchPackage.swift in Sources */,
				A20000102C85000100000001 /* PatchPackageCodec.swift in Sources */,
				A20000112C85000100000001 /* PatchPackageImporter.swift in Sources */,
				A20000122C85000100000001 /* PatchPackageValidator.swift in Sources */,
				A20000132C85000100000001 /* PatchEngineDiagnostics.swift in Sources */,
				A20000142C85000100000001 /* PatchPackageTests.swift in Sources */,
				A20000152C85000100000001 /* PatchRollbackTests.swift in Sources */,
				A20000162C85000100000001 /* PatchSecurityTests.swift in Sources */,
				A20000172C85000100000001 /* PatchTransactionTests.swift in Sources */,
				A20000182C85000100000001 /* PatchBackupManager.swift in Sources */,
				A20000192C85000100000001 /* PatchJournal.swift in Sources */,
				A200001A2C85000100000001 /* PatchJournalRecoveryManager.swift in Sources */,
				A200001B2C85000100000001 /* PatchRollbackManager.swift in Sources */,
				A200001C2C85000100000001 /* PatchTransaction.swift in Sources */,
				A200001D2C85000100000001 /* PatchTransactionExecutor.swift in Sources */,
				A200001E2C85000100000001 /* AimBodyPatchView.swift in Sources */,
				A200001F2C85000100000001 /* PatchProgressView.swift in Sources */,
				A20000202C85000100000001 /* PatchStatusView.swift in Sources */,
			);
			runOnlyForDeploymentPostprocessing = 0;
		};
/* End PBXSourcesBuildPhase section */

/* Begin XCBuildConfiguration section */
		L10000012C85000100000001 /* Debug */ = {
			isa = XCBuildConfiguration;
			buildSettings = {
				ALWAYS_SEARCH_USER_PATHS = NO;
				CLANG_ANALYZER_NONNULL = YES;
				CLANG_CXX_LANGUAGE_STANDARD = "gnu++20";
				CLANG_ENABLE_MODULES = YES;
				CLANG_ENABLE_OBJC_ARC = YES;
				CLANG_WARN_BLOCK_CAPTURE_AUTORELEASING = YES;
				CLANG_WARN_BOOL_CONVERSIONS = YES;
				CLANG_WARN_COMMA = YES;
				CLANG_WARN_CONSTANT_CONVERSION = YES;
				CLANG_WARN_EMPTY_BODY = YES;
				CLANG_WARN_ENUM_CONVERSION = YES;
				CLANG_WARN_INFINITE_RECURSION = YES;
				CLANG_WARN_INT_CONVERSION = YES;
				CLANG_WARN_NON_LITERAL_NULL_CONVERSION = YES;
				CLANG_WARN_OBJC_LITERAL_CONVERSION = YES;
				CLANG_WARN_RANGE_LOOP_ANALYSIS = YES;
				CLANG_WARN_STRICT_PROTOTYPES = YES;
				CLANG_WARN_SUSPICIOUS_MOVE = YES;
				CLANG_WARN_UNREACHABLE_CODE = YES;
				CLANG_WARN__DUPLICATE_METHOD_MATCH = YES;
				COPY_PHASE_STRIP = NO;
				ENABLE_STRICT_OBJC_MSGSEND = YES;
				ENABLE_TESTABILITY = YES;
				GCC_C_LANGUAGE_STANDARD = gnu11;
				GCC_DYNAMIC_NO_PIC = NO;
				GCC_NO_COMMON_BLOCKS = YES;
				GCC_OPTIMIZATION_LEVEL = 0;
				GCC_PREPROCESSOR_DEFINITIONS = (
					"DEBUG=1",
					"$(inherited)",
				);
				GCC_WARN_64_TO_32_BIT_CONVERSION = YES;
				GCC_WARN_ABOUT_RETURN_TYPE = YES_ERROR;
				GCC_WARN_UNDECLARED_SELECTOR = YES;
				GCC_WARN_UNINITIALIZED_AUTOS = YES_AGGRESSIVE;
				GCC_WARN_UNUSED_FUNCTION = YES;
				GCC_WARN_UNUSED_VARIABLE = YES;
				IPHONEOS_DEPLOYMENT_TARGET = 15.0;
				MTL_ENABLE_DEBUG_INFO = INCLUDE_SOURCE;
				ONLY_ACTIVE_ARCH = YES;
				SDKROOT = iphoneos;
				SWIFT_VERSION = 5.0;
			};
			name = Debug;
		};
		L10000022C85000100000001 /* Release */ = {
			isa = XCBuildConfiguration;
			buildSettings = {
				ALWAYS_SEARCH_USER_PATHS = NO;
				CLANG_ANALYZER_NONNULL = YES;
				CLANG_CXX_LANGUAGE_STANDARD = "gnu++20";
				CLANG_ENABLE_MODULES = YES;
				CLANG_ENABLE_OBJC_ARC = YES;
				CLANG_WARN_BLOCK_CAPTURE_AUTORELEASING = YES;
				CLANG_WARN_BOOL_CONVERSIONS = YES;
				CLANG_WARN_COMMA = YES;
				CLANG_WARN_CONSTANT_CONVERSION = YES;
				CLANG_WARN_EMPTY_BODY = YES;
				CLANG_WARN_ENUM_CONVERSION = YES;
				CLANG_WARN_INFINITE_RECURSION = YES;
				CLANG_WARN_INT_CONVERSION = YES;
				CLANG_WARN_NON_LITERAL_NULL_CONVERSION = YES;
				CLANG_WARN_OBJC_LITERAL_CONVERSION = YES;
				CLANG_WARN_RANGE_LOOP_ANALYSIS = YES;
				CLANG_WARN_STRICT_PROTOTYPES = YES;
				CLANG_WARN_SUSPICIOUS_MOVE = YES;
				CLANG_WARN_UNREACHABLE_CODE = YES;
				CLANG_WARN__DUPLICATE_METHOD_MATCH = YES;
				COPY_PHASE_STRIP = YES;
				DEAD_CODE_STRIPPING = YES;
				DEPLOYMENT_POSTPROCESSING = YES;
				ENABLE_NS_ASSERTIONS = NO;
				ENABLE_STRICT_OBJC_MSGSEND = YES;
				GCC_C_LANGUAGE_STANDARD = gnu11;
				GCC_NO_COMMON_BLOCKS = YES;
				GCC_OPTIMIZATION_LEVEL = s;
				GCC_WARN_64_TO_32_BIT_CONVERSION = YES;
				GCC_WARN_ABOUT_RETURN_TYPE = YES_ERROR;
				GCC_WARN_UNDECLARED_SELECTOR = YES;
				GCC_WARN_UNINITIALIZED_AUTOS = YES_AGGRESSIVE;
				GCC_WARN_UNUSED_FUNCTION = YES;
				GCC_WARN_UNUSED_VARIABLE = YES;
				IPHONEOS_DEPLOYMENT_TARGET = 15.0;
				MTL_ENABLE_DEBUG_INFO = NO;
				SDKROOT = iphoneos;
				SWIFT_VERSION = 5.0;
				STRIP_INSTALLED_PRODUCT = YES;
				VALIDATE_PRODUCT = YES;
			};
			name = Release;
		};
		M10000012C85000100000001 /* Debug */ = {
			isa = XCBuildConfiguration;
			buildSettings = {
				ASSETCATALOG_COMPILER_APPICON_NAME = AppIcon;
				CODE_SIGN_STYLE = Automatic;
				CODE_SIGN_IDENTITY = "Apple Development";
				CURRENT_PROJECT_VERSION = 1;
				GENERATE_INFOPLIST_FILE = NO;
				INFOPLIST_FILE = ThanoxVIP/Info.plist;
				LD_RUNPATH_SEARCH_PATHS = (
					"$(inherited)",
					"@executable_path/Frameworks",
				);
				MARKETING_VERSION = 1.0.0;
				PRODUCT_BUNDLE_IDENTIFIER = com.apple.mobile.MobileHouseArrest;
				PRODUCT_NAME = "$(TARGET_NAME)";
				SWIFT_VERSION = 5.0;
				SWIFT_OBJC_BRIDGING_HEADER = "ThanoxVIP/ThanoxVIP-Bridging-Header.h";
				CLANG_ENABLE_MODULES = YES;
				TARGETED_DEVICE_FAMILY = "1,2";
			};
			name = Debug;
		};
		M10000022C85000100000001 /* Release */ = {
			isa = XCBuildConfiguration;
			buildSettings = {
				ASSETCATALOG_COMPILER_APPICON_NAME = AppIcon;
				CODE_SIGN_STYLE = Manual;
				CODE_SIGN_IDENTITY = "";
				CODE_SIGNING_REQUIRED = NO;
				CODE_SIGNING_ALLOWED = YES;
				CURRENT_PROJECT_VERSION = 1;
				GENERATE_INFOPLIST_FILE = NO;
				INFOPLIST_FILE = ThanoxVIP/Info.plist;
				LD_RUNPATH_SEARCH_PATHS = (
					"$(inherited)",
					"@executable_path/Frameworks",
				);
				MARKETING_VERSION = 1.0.0;
				PRODUCT_BUNDLE_IDENTIFIER = com.apple.mobile.MobileHouseArrest;
				PRODUCT_NAME = "$(TARGET_NAME)";
				SWIFT_VERSION = 5.0;
				SWIFT_OBJC_BRIDGING_HEADER = "ThanoxVIP/ThanoxVIP-Bridging-Header.h";
				CLANG_ENABLE_MODULES = YES;
				TARGETED_DEVICE_FAMILY = "1,2";
			};
			name = Release;
		};
/* End XCBuildConfiguration section */

/* Begin XCConfigurationList section */
		K10000012C85000100000001 /* Build configuration list for PBXProject "ThanoxVIP" */ = {
			isa = XCConfigurationList;
			buildConfigurations = (
				L10000012C85000100000001 /* Debug */,
				L10000022C85000100000001 /* Release */,
			);
			defaultConfigurationIsVisible = 0;
			defaultConfigurationName = Release;
		};
		G10000012C85000100000001 /* Build configuration list for PBXNativeTarget "ThanoxVIP" */ = {
			isa = XCConfigurationList;
			buildConfigurations = (
				M10000012C85000100000001 /* Debug */,
				M10000022C85000100000001 /* Release */,
			);
			defaultConfigurationIsVisible = 0;
			defaultConfigurationName = Release;
		};
/* End XCConfigurationList section */

	};
	rootObject = J10000012C85000100000001 /* Project object */;
}
